
Microsoft Visual Studio Solution File, Format Version 12.00
# Visual Studio 15
VisualStudioVersion = 15.0.27428.1
MinimumVisualStudioVersion = 10.0.40219.1
Project("{FAE04EC0-301F-11D3-BF4B-00C04F79EFBC}") = "my-primitive-paint", "my-primitive-paint\my-primitive-paint.csproj", "{7BACF2E6-9408-43F6-A16D-92DA36B9DFA2}"
EndProject
Project("{FAE04EC0-301F-11D3-BF4B-00C04F79EFBC}") = "PluginInterfase", "PluginInterfase\PluginInterfase.csproj", "{16820E5E-AFEB-4D4C-B35F-4FA46EDE9C49}"
EndProject
Project("{FAE04EC0-301F-11D3-BF4B-00C04F79EFBC}") = "PluginForTriangle", "PluginForTriangle\PluginForTriangle.csproj", "{C97551A6-6211-41AF-9657-38B1FAAED7E4}"
EndProject
Project("{FAE04EC0-301F-11D3-BF4B-00C04F79EFBC}") = "PluginPolygon", "PluginPolygon\PluginPolygon.csproj", "{BB7D5A29-B251-4ECE-AA47-61CCDB3EACCC}"
EndProject
Global
	GlobalSection(SolutionConfigurationPlatforms) = preSolution
		Debug|Any CPU = Debug|Any CPU
		Release|Any CPU = Release|Any CPU
	EndGlobalSection
	GlobalSection(ProjectConfigurationPlatforms) = postSolution
		{7BACF2E6-9408-43F6-A16D-92DA36B9DFA2}.Debug|Any CPU.ActiveCfg = Debug|Any CPU
		{7BACF2E6-9408-43F6-A16D-92DA36B9DFA2}.Debug|Any CPU.Build.0 = Debug|Any CPU
		{7BACF2E6-9408-43F6-A16D-92DA36B9DFA2}.Release|Any CPU.ActiveCfg = Release|Any CPU
		{7BACF2E6-9408-43F6-A16D-92DA36B9DFA2}.Release|Any CPU.Build.0 = Release|Any CPU
		{16820E5E-AFEB-4D4C-B35F-4FA46EDE9C49}.Debug|Any CPU.ActiveCfg = Debug|Any CPU
		{16820E5E-AFEB-4D4C-B35F-4FA46EDE9C49}.Debug|Any CPU.Build.0 = Debug|Any CPU
		{16820E5E-AFEB-4D4C-B35F-4FA46EDE9C49}.Release|Any CPU.ActiveCfg = Release|Any CPU
		{16820E5E-AFEB-4D4C-B35F-4FA46EDE9C49}.Release|Any CPU.Build.0 = Release|Any CPU
		{C97551A6-6211-41AF-9657-38B1FAAED7E4}.Debug|Any CPU.ActiveCfg = Debug|Any CPU
		{C97551A6-6211-41AF-9657-38B1FAAED7E4}.Debug|Any CPU.Build.0 = Debug|Any CPU
		{C97551A6-6211-41AF-9657-38B1FAAED7E4}.Release|Any CPU.ActiveCfg = Release|Any CPU
		{C97551A6-6211-41AF-9657-38B1FAAED7E4}.Release|Any CPU.Build.0 = Release|Any CPU
		{BB7D5A29-B251-4ECE-AA47-61CCDB3EACCC}.Debug|Any CPU.ActiveCfg = Debug|Any CPU
		{BB7D5A29-B251-4ECE-AA47-61CCDB3EACCC}.Debug|Any CPU.Build.0 = Debug|Any CPU
		{BB7D5A29-B251-4ECE-AA47-61CCDB3EACCC}.Release|Any CPU.ActiveCfg = Release|Any CPU
		{BB7D5A29-B251-4ECE-AA47-61CCDB3EACCC}.Release|Any CPU.Build.0 = Release|Any CPU
	EndGlobalSection
	GlobalSection(SolutionProperties) = preSolution
		HideSolutionNode = FALSE
	EndGlobalSection
	GlobalSection(ExtensibilityGlobals) = postSolution
		SolutionGuid = {EFEDED97-A11D-48D6-A215-07F74A854AE5}
	EndGlobalSection
EndGlobal
